github.com/google/uuid v1.3.0 h1:t6JiXgmwXMjEs8VusXIJk2BXHsn+wx8BZdTaoZ5fu7I=
github.com/google/uuid v1.3.0/go.mod h1:TIyPZe4MgqvfeYDBFedMoGGpEw/LqOeaOT+nhxU+yHo=
github.com/gorilla/mux v1.8.1 h1:TuBL49tXwgrFYWhqrNgrUNEY92u81SPhu7sTdzQEiWY=
github.com/gorilla/mux v1.8.1/go.mod h1:AKf9I4AEqPTmMytcMc0KkNouC66V3BtZ4qD5fmWSiMQ=
github.com/neo4j/neo4j-go-driver/v5 v5.27.0 h1:YdsIxDjAQbjlP/4Ha9B/gF8Y39UdgdTwCyihSxy8qTw=
github.com/neo4j/neo4j-go-driver/v5 v5.27.0/go.mod h1:Vff8OwT7QpLm7L2yYr85XNWe9Rbqlbeb9asNXJTHO4k=
github.com/rs/cors v1.8.1 h1:OrP+y5H+5Md29ACTA9imbALaKHwOSUZkcizaG0LT5ow=
github.com/rs/cors v1.8.1/go.mod h1:XyqrcTp5zjWr1wsJ8PIRZssZ8b/WMcMf71DJnit4EMU=
